
Microsoft Visual Studio Solution File, Format Version 12.00
# Visual Studio Version 16
VisualStudioVersion = 16.0.29911.84
MinimumVisualStudioVersion = 10.0.40219.1
Project("{9A19103F-16F7-4668-BE54-9A1E7A4F7556}") = "Podcast.Web", "Podcast.Web\Podcast.Web.csproj", "{57900257-3846-4E59-9C4E-C4809D27E0D2}"
EndProject
Project("{9A19103F-16F7-4668-BE54-9A1E7A4F7556}") = "Podcast.Infrastructure", "Podcast.Infrastructure\Podcast.Infrastructure.csproj", "{73039F0B-7B64-4A1F-9296-F8F46BB0A348}"
EndProject
Project("{9A19103F-16F7-4668-BE54-9A1E7A4F7556}") = "Podcast.Domain", "Podcast.Domain\Podcast.Domain.csproj", "{727AD000-2EF8-47E3-9493-01BA946A470A}"
EndProject
Project("{9A19103F-16F7-4668-BE54-9A1E7A4F7556}") = "Podcast.Infrastructure.Tests", "Podcast.Infrastructure.Tests\Podcast.Infrastructure.Tests.csproj", "{19960C50-87B2-4C79-9380-DEB6C72967BC}"
EndProject
Project("{FAE04EC0-301F-11D3-BF4B-00C04F79EFBC}") = "Podcast.Mobile.Android", "Podcast.Mobile\Podcast.Mobile.Android\Podcast.Mobile.Android.csproj", "{AB521841-85FA-45FF-994A-54C60A49C3A6}"
EndProject
Project("{FAE04EC0-301F-11D3-BF4B-00C04F79EFBC}") = "Podcast.Mobile.iOS", "Podcast.Mobile\Podcast.Mobile.iOS\Podcast.Mobile.iOS.csproj", "{1FEDD271-FC48-46C7-9831-C7E4489B706B}"
EndProject
Project("{9A19103F-16F7-4668-BE54-9A1E7A4F7556}") = "Podcast.Mobile", "Podcast.Mobile\Podcast.Mobile\Podcast.Mobile.csproj", "{E51255F8-08F6-459E-9E6C-727EAD2C5A5F}"
EndProject
Project("{2150E333-8FDC-42A3-9474-1A3956D46DE8}") = "Mobile", "Mobile", "{D1F06097-BBE3-4C81-B9DA-36E1970BCE12}"
EndProject
Project("{2150E333-8FDC-42A3-9474-1A3956D46DE8}") = "Web", "Web", "{3A2626D3-B5FC-42EE-B2F4-5165405C690F}"
EndProject
Project("{9A19103F-16F7-4668-BE54-9A1E7A4F7556}") = "Podcast.Web.Entites", "Podcast.Web.Entites\Podcast.Web.Entites.csproj", "{0E52D6C5-8C51-45E5-A2CD-3B6F7CA206A8}"
EndProject
Global
	GlobalSection(SolutionConfigurationPlatforms) = preSolution
		Debug|Any CPU = Debug|Any CPU
		Debug|iPhone = Debug|iPhone
		Debug|iPhoneSimulator = Debug|iPhoneSimulator
		Release|Any CPU = Release|Any CPU
		Release|iPhone = Release|iPhone
		Release|iPhoneSimulator = Release|iPhoneSimulator
	EndGlobalSection
	GlobalSection(ProjectConfigurationPlatforms) = postSolution
		{57900257-3846-4E59-9C4E-C4809D27E0D2}.Debug|Any CPU.ActiveCfg = Debug|Any CPU
		{57900257-3846-4E59-9C4E-C4809D27E0D2}.Debug|Any CPU.Build.0 = Debug|Any CPU
		{57900257-3846-4E59-9C4E-C4809D27E0D2}.Debug|iPhone.ActiveCfg = Debug|Any CPU
		{57900257-3846-4E59-9C4E-C4809D27E0D2}.Debug|iPhone.Build.0 = Debug|Any CPU
		{57900257-3846-4E59-9C4E-C4809D27E0D2}.Debug|iPhoneSimulator.ActiveCfg = Debug|Any CPU
		{57900257-3846-4E59-9C4E-C4809D27E0D2}.Debug|iPhoneSimulator.Build.0 = Debug|Any CPU
		{57900257-3846-4E59-9C4E-C4809D27E0D2}.Release|Any CPU.ActiveCfg = Release|Any CPU
		{57900257-3846-4E59-9C4E-C4809D27E0D2}.Release|Any CPU.Build.0 = Release|Any CPU
		{57900257-3846-4E59-9C4E-C4809D27E0D2}.Release|iPhone.ActiveCfg = Release|Any CPU
		{57900257-3846-4E59-9C4E-C4809D27E0D2}.Release|iPhone.Build.0 = Release|Any CPU
		{57900257-3846-4E59-9C4E-C4809D27E0D2}.Release|iPhoneSimulator.ActiveCfg = Release|Any CPU
		{57900257-3846-4E59-9C4E-C4809D27E0D2}.Release|iPhoneSimulator.Build.0 = Release|Any CPU
		{73039F0B-7B64-4A1F-9296-F8F46BB0A348}.Debug|Any CPU.ActiveCfg = Debug|Any CPU
		{73039F0B-7B64-4A1F-9296-F8F46BB0A348}.Debug|Any CPU.Build.0 = Debug|Any CPU
		{73039F0B-7B64-4A1F-9296-F8F46BB0A348}.Debug|iPhone.ActiveCfg = Debug|Any CPU
		{73039F0B-7B64-4A1F-9296-F8F46BB0A348}.Debug|iPhone.Build.0 = Debug|Any CPU
		{73039F0B-7B64-4A1F-9296-F8F46BB0A348}.Debug|iPhoneSimulator.ActiveCfg = Debug|Any CPU
		{73039F0B-7B64-4A1F-9296-F8F46BB0A348}.Debug|iPhoneSimulator.Build.0 = Debug|Any CPU
		{73039F0B-7B64-4A1F-9296-F8F46BB0A348}.Release|Any CPU.ActiveCfg = Release|Any CPU
		{73039F0B-7B64-4A1F-9296-F8F46BB0A348}.Release|Any CPU.Build.0 = Release|Any CPU
		{73039F0B-7B64-4A1F-9296-F8F46BB0A348}.Release|iPhone.ActiveCfg = Release|Any CPU
		{73039F0B-7B64-4A1F-9296-F8F46BB0A348}.Release|iPhone.Build.0 = Release|Any CPU
		{73039F0B-7B64-4A1F-9296-F8F46BB0A348}.Release|iPhoneSimulator.ActiveCfg = Release|Any CPU
		{73039F0B-7B64-4A1F-9296-F8F46BB0A348}.Release|iPhoneSimulator.Build.0 = Release|Any CPU
		{727AD000-2EF8-47E3-9493-01BA946A470A}.Debug|Any CPU.ActiveCfg = Debug|Any CPU
		{727AD000-2EF8-47E3-9493-01BA946A470A}.Debug|Any CPU.Build.0 = Debug|Any CPU
		{727AD000-2EF8-47E3-9493-01BA946A470A}.Debug|iPhone.ActiveCfg = Debug|Any CPU
		{727AD000-2EF8-47E3-9493-01BA946A470A}.Debug|iPhone.Build.0 = Debug|Any CPU
		{727AD000-2EF8-47E3-9493-01BA946A470A}.Debug|iPhoneSimulator.ActiveCfg = Debug|Any CPU
		{727AD000-2EF8-47E3-9493-01BA946A470A}.Debug|iPhoneSimulator.Build.0 = Debug|Any CPU
		{727AD000-2EF8-47E3-9493-01BA946A470A}.Release|Any CPU.ActiveCfg = Release|Any CPU
		{727AD000-2EF8-47E3-9493-01BA946A470A}.Release|Any CPU.Build.0 = Release|Any CPU
		{727AD000-2EF8-47E3-9493-01BA946A470A}.Release|iPhone.ActiveCfg = Release|Any CPU
		{727AD000-2EF8-47E3-9493-01BA946A470A}.Release|iPhone.Build.0 = Release|Any CPU
		{727AD000-2EF8-47E3-9493-01BA946A470A}.Release|iPhoneSimulator.ActiveCfg = Release|Any CPU
		{727AD000-2EF8-47E3-9493-01BA946A470A}.Release|iPhoneSimulator.Build.0 = Release|Any CPU
		{19960C50-87B2-4C79-9380-DEB6C72967BC}.Debug|Any CPU.ActiveCfg = Debug|Any CPU
		{19960C50-87B2-4C79-9380-DEB6C72967BC}.Debug|Any CPU.Build.0 = Debug|Any CPU
		{19960C50-87B2-4C79-9380-DEB6C72967BC}.Debug|iPhone.ActiveCfg = Debug|Any CPU
		{19960C50-87B2-4C79-9380-DEB6C72967BC}.Debug|iPhone.Build.0 = Debug|Any CPU
		{19960C50-87B2-4C79-9380-DEB6C72967BC}.Debug|iPhoneSimulator.ActiveCfg = Debug|Any CPU
		{19960C50-87B2-4C79-9380-DEB6C72967BC}.Debug|iPhoneSimulator.Build.0 = Debug|Any CPU
		{19960C50-87B2-4C79-9380-DEB6C72967BC}.Release|Any CPU.ActiveCfg = Release|Any CPU
		{19960C50-87B2-4C79-9380-DEB6C72967BC}.Release|Any CPU.Build.0 = Release|Any CPU
		{19960C50-87B2-4C79-9380-DEB6C72967BC}.Release|iPhone.ActiveCfg = Release|Any CPU
		{19960C50-87B2-4C79-9380-DEB6C72967BC}.Release|iPhone.Build.0 = Release|Any CPU
		{19960C50-87B2-4C79-9380-DEB6C72967BC}.Release|iPhoneSimulator.ActiveCfg = Release|Any CPU
		{19960C50-87B2-4C79-9380-DEB6C72967BC}.Release|iPhoneSimulator.Build.0 = Release|Any CPU
		{AB521841-85FA-45FF-994A-54C60A49C3A6}.Debug|Any CPU.ActiveCfg = Debug|Any CPU
		{AB521841-85FA-45FF-994A-54C60A49C3A6}.Debug|Any CPU.Build.0 = Debug|Any CPU
		{AB521841-85FA-45FF-994A-54C60A49C3A6}.Debug|Any CPU.Deploy.0 = Debug|Any CPU
		{AB521841-85FA-45FF-994A-54C60A49C3A6}.Debug|iPhone.ActiveCfg = Debug|Any CPU
		{AB521841-85FA-45FF-994A-54C60A49C3A6}.Debug|iPhone.Build.0 = Debug|Any CPU
		{AB521841-85FA-45FF-994A-54C60A49C3A6}.Debug|iPhone.Deploy.0 = Debug|Any CPU
		{AB521841-85FA-45FF-994A-54C60A49C3A6}.Debug|iPhoneSimulator.ActiveCfg = Debug|Any CPU
		{AB521841-85FA-45FF-994A-54C60A49C3A6}.Debug|iPhoneSimulator.Build.0 = Debug|Any CPU
		{AB521841-85FA-45FF-994A-54C60A49C3A6}.Debug|iPhoneSimulator.Deploy.0 = Debug|Any CPU
		{AB521841-85FA-45FF-994A-54C60A49C3A6}.Release|Any CPU.ActiveCfg = Release|Any CPU
		{AB521841-85FA-45FF-994A-54C60A49C3A6}.Release|Any CPU.Build.0 = Release|Any CPU
		{AB521841-85FA-45FF-994A-54C60A49C3A6}.Release|Any CPU.Deploy.0 = Release|Any CPU
		{AB521841-85FA-45FF-994A-54C60A49C3A6}.Release|iPhone.ActiveCfg = Release|Any CPU
		{AB521841-85FA-45FF-994A-54C60A49C3A6}.Release|iPhone.Build.0 = Release|Any CPU
		{AB521841-85FA-45FF-994A-54C60A49C3A6}.Release|iPhone.Deploy.0 = Release|Any CPU
		{AB521841-85FA-45FF-994A-54C60A49C3A6}.Release|iPhoneSimulator.ActiveCfg = Release|Any CPU
		{AB521841-85FA-45FF-994A-54C60A49C3A6}.Release|iPhoneSimulator.Build.0 = Release|Any CPU
		{AB521841-85FA-45FF-994A-54C60A49C3A6}.Release|iPhoneSimulator.Deploy.0 = Release|Any CPU
		{1FEDD271-FC48-46C7-9831-C7E4489B706B}.Debug|Any CPU.ActiveCfg = Debug|iPhone
		{1FEDD271-FC48-46C7-9831-C7E4489B706B}.Debug|iPhone.ActiveCfg = Debug|iPhone
		{1FEDD271-FC48-46C7-9831-C7E4489B706B}.Debug|iPhone.Build.0 = Debug|iPhone
		{1FEDD271-FC48-46C7-9831-C7E4489B706B}.Debug|iPhoneSimulator.ActiveCfg = Debug|iPhoneSimulator
		{1FEDD271-FC48-46C7-9831-C7E4489B706B}.Debug|iPhoneSimulator.Build.0 = Debug|iPhoneSimulator
		{1FEDD271-FC48-46C7-9831-C7E4489B706B}.Release|Any CPU.ActiveCfg = Release|iPhone
		{1FEDD271-FC48-46C7-9831-C7E4489B706B}.Release|iPhone.ActiveCfg = Release|iPhone
		{1FEDD271-FC48-46C7-9831-C7E4489B706B}.Release|iPhone.Build.0 = Release|iPhone
		{1FEDD271-FC48-46C7-9831-C7E4489B706B}.Release|iPhoneSimulator.ActiveCfg = Release|iPhoneSimulator
		{1FEDD271-FC48-46C7-9831-C7E4489B706B}.Release|iPhoneSimulator.Build.0 = Release|iPhoneSimulator
		{E51255F8-08F6-459E-9E6C-727EAD2C5A5F}.Debug|Any CPU.ActiveCfg = Debug|Any CPU
		{E51255F8-08F6-459E-9E6C-727EAD2C5A5F}.Debug|Any CPU.Build.0 = Debug|Any CPU
		{E51255F8-08F6-459E-9E6C-727EAD2C5A5F}.Debug|iPhone.ActiveCfg = Debug|Any CPU
		{E51255F8-08F6-459E-9E6C-727EAD2C5A5F}.Debug|iPhone.Build.0 = Debug|Any CPU
		{E51255F8-08F6-459E-9E6C-727EAD2C5A5F}.Debug|iPhoneSimulator.ActiveCfg = Debug|Any CPU
		{E51255F8-08F6-459E-9E6C-727EAD2C5A5F}.Debug|iPhoneSimulator.Build.0 = Debug|Any CPU
		{E51255F8-08F6-459E-9E6C-727EAD2C5A5F}.Release|Any CPU.ActiveCfg = Release|Any CPU
		{E51255F8-08F6-459E-9E6C-727EAD2C5A5F}.Release|Any CPU.Build.0 = Release|Any CPU
		{E51255F8-08F6-459E-9E6C-727EAD2C5A5F}.Release|iPhone.ActiveCfg = Release|Any CPU
		{E51255F8-08F6-459E-9E6C-727EAD2C5A5F}.Release|iPhone.Build.0 = Release|Any CPU
		{E51255F8-08F6-459E-9E6C-727EAD2C5A5F}.Release|iPhoneSimulator.ActiveCfg = Release|Any CPU
		{E51255F8-08F6-459E-9E6C-727EAD2C5A5F}.Release|iPhoneSimulator.Build.0 = Release|Any CPU
		{0E52D6C5-8C51-45E5-A2CD-3B6F7CA206A8}.Debug|Any CPU.ActiveCfg = Debug|Any CPU
		{0E52D6C5-8C51-45E5-A2CD-3B6F7CA206A8}.Debug|Any CPU.Build.0 = Debug|Any CPU
		{0E52D6C5-8C51-45E5-A2CD-3B6F7CA206A8}.Debug|iPhone.ActiveCfg = Debug|Any CPU
		{0E52D6C5-8C51-45E5-A2CD-3B6F7CA206A8}.Debug|iPhone.Build.0 = Debug|Any CPU
		{0E52D6C5-8C51-45E5-A2CD-3B6F7CA206A8}.Debug|iPhoneSimulator.ActiveCfg = Debug|Any CPU
		{0E52D6C5-8C51-45E5-A2CD-3B6F7CA206A8}.Debug|iPhoneSimulator.Build.0 = Debug|Any CPU
		{0E52D6C5-8C51-45E5-A2CD-3B6F7CA206A8}.Release|Any CPU.ActiveCfg = Release|Any CPU
		{0E52D6C5-8C51-45E5-A2CD-3B6F7CA206A8}.Release|Any CPU.Build.0 = Release|Any CPU
		{0E52D6C5-8C51-45E5-A2CD-3B6F7CA206A8}.Release|iPhone.ActiveCfg = Release|Any CPU
		{0E52D6C5-8C51-45E5-A2CD-3B6F7CA206A8}.Release|iPhone.Build.0 = Release|Any CPU
		{0E52D6C5-8C51-45E5-A2CD-3B6F7CA206A8}.Release|iPhoneSimulator.ActiveCfg = Release|Any CPU
		{0E52D6C5-8C51-45E5-A2CD-3B6F7CA206A8}.Release|iPhoneSimulator.Build.0 = Release|Any CPU
	EndGlobalSection
	GlobalSection(SolutionProperties) = preSolution
		HideSolutionNode = FALSE
	EndGlobalSection
	GlobalSection(NestedProjects) = preSolution
		{57900257-3846-4E59-9C4E-C4809D27E0D2} = {3A2626D3-B5FC-42EE-B2F4-5165405C690F}
		{73039F0B-7B64-4A1F-9296-F8F46BB0A348} = {3A2626D3-B5FC-42EE-B2F4-5165405C690F}
		{727AD000-2EF8-47E3-9493-01BA946A470A} = {3A2626D3-B5FC-42EE-B2F4-5165405C690F}
		{19960C50-87B2-4C79-9380-DEB6C72967BC} = {3A2626D3-B5FC-42EE-B2F4-5165405C690F}
		{AB521841-85FA-45FF-994A-54C60A49C3A6} = {D1F06097-BBE3-4C81-B9DA-36E1970BCE12}
		{1FEDD271-FC48-46C7-9831-C7E4489B706B} = {D1F06097-BBE3-4C81-B9DA-36E1970BCE12}
		{E51255F8-08F6-459E-9E6C-727EAD2C5A5F} = {D1F06097-BBE3-4C81-B9DA-36E1970BCE12}
		{0E52D6C5-8C51-45E5-A2CD-3B6F7CA206A8} = {3A2626D3-B5FC-42EE-B2F4-5165405C690F}
	EndGlobalSection
	GlobalSection(ExtensibilityGlobals) = postSolution
		SolutionGuid = {35C24AC9-8724-43C8-8BED-B229792364B9}
	EndGlobalSection
EndGlobal
